
Microsoft Visual Studio Solution File, Format Version 12.00
# Visual Studio Version 17
VisualStudioVersion = 17.11.35312.102
MinimumVisualStudioVersion = 10.0.40219.1
Project("{9A19103F-16F7-4668-BE54-9A1E7A4F7556}") = "pds", "pds.csproj", "{D68ABA9E-523E-4A3A-8E51-55C24A73889B}"
EndProject
Global
	GlobalSection(SolutionConfigurationPlatforms) = preSolution
		Debug|Any CPU = Debug|Any CPU
		Release|Any CPU = Release|Any CPU
	EndGlobalSection
	GlobalSection(ProjectConfigurationPlatforms) = postSolution
		{D68ABA9E-523E-4A3A-8E51-55C24A73889B}.Debug|Any CPU.ActiveCfg = Debug|Any CPU
		{D68ABA9E-523E-4A3A-8E51-55C24A73889B}.Debug|Any CPU.Build.0 = Debug|Any CPU
		{D68ABA9E-523E-4A3A-8E51-55C24A73889B}.Release|Any CPU.ActiveCfg = Release|Any CPU
		{D68ABA9E-523E-4A3A-8E51-55C24A73889B}.Release|Any CPU.Build.0 = Release|Any CPU
	EndGlobalSection
	GlobalSection(SolutionProperties) = preSolution
		HideSolutionNode = FALSE
	EndGlobalSection
	GlobalSection(ExtensibilityGlobals) = postSolution
		SolutionGuid = {5AB2768B-6388-4BF5-B763-34E1CDA4B5E0}
	EndGlobalSection
EndGlobal
